
Microsoft Visual Studio Solution File, Format Version 12.00
# Visual Studio Version 17
VisualStudioVersion = 17.14.36414.22 d17.14
MinimumVisualStudioVersion = 10.0.40219.1
Project("{FAE04EC0-301F-11D3-BF4B-00C04F79EFBC}") = "OrangeTreeSim", "OrangeTreeSim\OrangeTreeSim.csproj", "{9C3A0216-6CD4-403A-9089-7B758C5B53BE}"
EndProject
Project("{FAE04EC0-301F-11D3-BF4B-00C04F79EFBC}") = "OrangeTreeTest", "OrangeTreeTest\OrangeTreeTest.csproj", "{9CF5C94B-812E-4C05-86EB-4878C57F5A11}"
EndProject
Global
	GlobalSection(SolutionConfigurationPlatforms) = preSolution
		Debug|Any CPU = Debug|Any CPU
		Release|Any CPU = Release|Any CPU
	EndGlobalSection
	GlobalSection(ProjectConfigurationPlatforms) = postSolution
		{9C3A0216-6CD4-403A-9089-7B758C5B53BE}.Debug|Any CPU.ActiveCfg = Debug|Any CPU
		{9C3A0216-6CD4-403A-9089-7B758C5B53BE}.Debug|Any CPU.Build.0 = Debug|Any CPU
		{9C3A0216-6CD4-403A-9089-7B758C5B53BE}.Release|Any CPU.ActiveCfg = Release|Any CPU
		{9C3A0216-6CD4-403A-9089-7B758C5B53BE}.Release|Any CPU.Build.0 = Release|Any CPU
		{9CF5C94B-812E-4C05-86EB-4878C57F5A11}.Debug|Any CPU.ActiveCfg = Debug|Any CPU
		{9CF5C94B-812E-4C05-86EB-4878C57F5A11}.Debug|Any CPU.Build.0 = Debug|Any CPU
		{9CF5C94B-812E-4C05-86EB-4878C57F5A11}.Release|Any CPU.ActiveCfg = Release|Any CPU
		{9CF5C94B-812E-4C05-86EB-4878C57F5A11}.Release|Any CPU.Build.0 = Release|Any CPU
	EndGlobalSection
	GlobalSection(SolutionProperties) = preSolution
		HideSolutionNode = FALSE
	EndGlobalSection
	GlobalSection(ExtensibilityGlobals) = postSolution
		SolutionGuid = {220BA82F-8C1C-4EAD-AE06-28EC42F8DD50}
	EndGlobalSection
EndGlobal
